
Microsoft Visual Studio Solution File, Format Version 12.00
# Visual Studio 14
VisualStudioVersion = 14.0.25420.1
MinimumVisualStudioVersion = 10.0.40219.1
Project("{FAE04EC0-301F-11D3-BF4B-00C04F79EFBC}") = "clu.books.console", "clu.books.console\clu.books.console.csproj", "{1DA04952-670B-4EC2-9CC6-466C48EE3C1C}"
EndProject
Project("{FAE04EC0-301F-11D3-BF4B-00C04F79EFBC}") = "clu.books.library.tests", "clu.books.library.tests\clu.books.library.tests.csproj", "{AA95F9E2-A50E-4E9E-9887-084D80666520}"
EndProject
Project("{FAE04EC0-301F-11D3-BF4B-00C04F79EFBC}") = "clu.books.library", "clu.books.library\clu.books.library.csproj", "{71CF10D5-B67A-413C-9118-6CF626FE3053}"
EndProject
Project("{2150E333-8FDC-42A3-9474-1A3956D46DE8}") = "Solution Items", "Solution Items", "{1A813E35-F20F-4B53-A162-E94322248E7C}"
	ProjectSection(SolutionItems) = preProject
		GlobalAssemblyInfo.cs = GlobalAssemblyInfo.cs
		README.md = README.md
	EndProjectSection
EndProject
Project("{FAE04EC0-301F-11D3-BF4B-00C04F79EFBC}") = "clu.books.web.api", "clu.books.web.api\clu.books.web.api.csproj", "{0039935F-2D77-461B-81F2-8B574A45540E}"
EndProject
Project("{FAE04EC0-301F-11D3-BF4B-00C04F79EFBC}") = "clu.books.web", "clu.books.web\clu.books.web.csproj", "{4A79AB8A-8BAA-458A-A0ED-0847AE88E382}"
EndProject
Global
	GlobalSection(SolutionConfigurationPlatforms) = preSolution
		Debug|Any CPU = Debug|Any CPU
		Release|Any CPU = Release|Any CPU
	EndGlobalSection
	GlobalSection(ProjectConfigurationPlatforms) = postSolution
		{1DA04952-670B-4EC2-9CC6-466C48EE3C1C}.Debug|Any CPU.ActiveCfg = Debug|Any CPU
		{1DA04952-670B-4EC2-9CC6-466C48EE3C1C}.Debug|Any CPU.Build.0 = Debug|Any CPU
		{1DA04952-670B-4EC2-9CC6-466C48EE3C1C}.Release|Any CPU.ActiveCfg = Release|Any CPU
		{1DA04952-670B-4EC2-9CC6-466C48EE3C1C}.Release|Any CPU.Build.0 = Release|Any CPU
		{AA95F9E2-A50E-4E9E-9887-084D80666520}.Debug|Any CPU.ActiveCfg = Debug|Any CPU
		{AA95F9E2-A50E-4E9E-9887-084D80666520}.Debug|Any CPU.Build.0 = Debug|Any CPU
		{AA95F9E2-A50E-4E9E-9887-084D80666520}.Release|Any CPU.ActiveCfg = Release|Any CPU
		{AA95F9E2-A50E-4E9E-9887-084D80666520}.Release|Any CPU.Build.0 = Release|Any CPU
		{71CF10D5-B67A-413C-9118-6CF626FE3053}.Debug|Any CPU.ActiveCfg = Debug|Any CPU
		{71CF10D5-B67A-413C-9118-6CF626FE3053}.Debug|Any CPU.Build.0 = Debug|Any CPU
		{71CF10D5-B67A-413C-9118-6CF626FE3053}.Release|Any CPU.ActiveCfg = Release|Any CPU
		{71CF10D5-B67A-413C-9118-6CF626FE3053}.Release|Any CPU.Build.0 = Release|Any CPU
		{0039935F-2D77-461B-81F2-8B574A45540E}.Debug|Any CPU.ActiveCfg = Debug|Any CPU
		{0039935F-2D77-461B-81F2-8B574A45540E}.Debug|Any CPU.Build.0 = Debug|Any CPU
		{0039935F-2D77-461B-81F2-8B574A45540E}.Release|Any CPU.ActiveCfg = Release|Any CPU
		{0039935F-2D77-461B-81F2-8B574A45540E}.Release|Any CPU.Build.0 = Release|Any CPU
		{4A79AB8A-8BAA-458A-A0ED-0847AE88E382}.Debug|Any CPU.ActiveCfg = Debug|Any CPU
		{4A79AB8A-8BAA-458A-A0ED-0847AE88E382}.Debug|Any CPU.Build.0 = Debug|Any CPU
		{4A79AB8A-8BAA-458A-A0ED-0847AE88E382}.Release|Any CPU.ActiveCfg = Release|Any CPU
		{4A79AB8A-8BAA-458A-A0ED-0847AE88E382}.Release|Any CPU.Build.0 = Release|Any CPU
	EndGlobalSection
	GlobalSection(SolutionProperties) = preSolution
		HideSolutionNode = FALSE
	EndGlobalSection
EndGlobal
